
Microsoft Visual Studio Solution File, Format Version 12.00
# Visual Studio Version 17
VisualStudioVersion = 17.0.31903.59
MinimumVisualStudioVersion = 10.0.40219.1
Project("{2150E333-8FDC-42A3-9474-1A3956D46DE8}") = "src", "src", "{785CDF01-C3FD-4EBF-9CFC-DC2B6A25EA2F}"
EndProject
Project("{2150E333-8FDC-42A3-9474-1A3956D46DE8}") = "Modules", "Modules", "{80057A53-5A59-4FE5-894E-76FDD592A02C}"
EndProject
Project("{2150E333-8FDC-42A3-9474-1A3956D46DE8}") = "Students", "Students", "{62765AFE-6E98-47AA-90E6-3C10624B1377}"
EndProject
Project("{FAE04EC0-301F-11D3-BF4B-00C04F79EFBC}") = "Modules.Students.Application", "src\Modules\Students\Modules.Students.Application\Modules.Students.Application.csproj", "{08D111AD-11FE-487C-AE06-3A2B6CF3459E}"
EndProject
Project("{FAE04EC0-301F-11D3-BF4B-00C04F79EFBC}") = "Modules.Students.Domain", "src\Modules\Students\Modules.Students.Domain\Modules.Students.Domain.csproj", "{FD572549-0A21-4F03-8314-6BC4E440A02F}"
EndProject
Project("{FAE04EC0-301F-11D3-BF4B-00C04F79EFBC}") = "Modules.Students.Infrastructure", "src\Modules\Students\Modules.Students.Ifrastructure\Modules.Students.Infrastructure.csproj", "{D42F5315-558B-4F01-A3F2-AEF6C4A365D9}"
EndProject
Project("{FAE04EC0-301F-11D3-BF4B-00C04F79EFBC}") = "Modules.Students.IntegrationEvents", "src\Modules\Students\Modules.Students.IntegrationEvents\Modules.Students.IntegrationEvents.csproj", "{993E7C3D-3003-4AE4-B187-E5A983BD33F8}"
EndProject
Project("{FAE04EC0-301F-11D3-BF4B-00C04F79EFBC}") = "Modules.Students.Persistence", "src\Modules\Students\Modules.Students.Persistence\Modules.Students.Persistence.csproj", "{6D79B694-39D7-448E-A3B1-45945AE44DA6}"
EndProject
Project("{2150E333-8FDC-42A3-9474-1A3956D46DE8}") = "Wokrs", "Wokrs", "{9BF08E57-4AB4-48AE-BEDA-1BC5C2727C3C}"
EndProject
Project("{FAE04EC0-301F-11D3-BF4B-00C04F79EFBC}") = "Modules.Works.Application", "src\Modules\Wokrs\Modules.Works.Application\Modules.Works.Application.csproj", "{28C550FE-6B41-42F2-9A35-38297B4404DF}"
EndProject
Project("{FAE04EC0-301F-11D3-BF4B-00C04F79EFBC}") = "Modules.Works.Domain", "src\Modules\Wokrs\Modules.Works.Domain\Modules.Works.Domain.csproj", "{DF58361A-D285-451C-8B07-63851A87D206}"
EndProject
Project("{FAE04EC0-301F-11D3-BF4B-00C04F79EFBC}") = "Modules.Works.Infrastructure", "src\Modules\Wokrs\Modules.Works.Infrastructure\Modules.Works.Infrastructure.csproj", "{560801A4-C961-4251-9A53-F7A2E9933FC1}"
EndProject
Project("{FAE04EC0-301F-11D3-BF4B-00C04F79EFBC}") = "Modules.Works.IntegrationEvents", "src\Modules\Wokrs\Modules.Works.IntegrationEvents\Modules.Works.IntegrationEvents.csproj", "{24ABDF28-64D5-4A88-9421-3FCE493C7804}"
EndProject
Project("{FAE04EC0-301F-11D3-BF4B-00C04F79EFBC}") = "Modules.Works.Persistence", "src\Modules\Wokrs\Modules.Works.Persistence\Modules.Works.Persistence.csproj", "{607EA605-B4E1-4AEB-A899-ED002ADA584F}"
EndProject
Project("{2150E333-8FDC-42A3-9474-1A3956D46DE8}") = "Application", "Application", "{5FBFF850-3EB6-4F91-8B79-DCFB1A3C4E2B}"
EndProject
Project("{2150E333-8FDC-42A3-9474-1A3956D46DE8}") = "Aggregator", "Aggregator", "{9F4B001C-5620-4B33-B0E0-9E64745434AB}"
EndProject
Project("{FAE04EC0-301F-11D3-BF4B-00C04F79EFBC}") = "API", "src\Application\Aggregator\API\API.csproj", "{E44695D2-EF25-4698-911E-2469C65A48CB}"
EndProject
Project("{E53339B2-1760-4266-BCC7-CA923CBCF16C}") = "docker-compose", "docker-compose.dcproj", "{71724E70-33E9-4288-9BE7-961D59CC3872}"
EndProject
Project("{2150E333-8FDC-42A3-9474-1A3956D46DE8}") = "BuildingBlocks", "BuildingBlocks", "{B73B8DE9-1497-46D0-A772-AD38C8791E04}"
EndProject
Project("{FAE04EC0-301F-11D3-BF4B-00C04F79EFBC}") = "BuildingBlocks", "..\BuildingBlocks\BuildingBlocks.csproj", "{69F0E3D0-DD3E-4543-914F-74ADFC090677}"
EndProject
Project("{2150E333-8FDC-42A3-9474-1A3956D46DE8}") = "tests", "tests", "{37909761-D7CE-4F47-8943-A60B4AA5301F}"
EndProject
Project("{2150E333-8FDC-42A3-9474-1A3956D46DE8}") = "Modules", "Modules", "{73CCED17-E2A7-47AE-AC6B-670E792F3490}"
EndProject
Project("{2150E333-8FDC-42A3-9474-1A3956D46DE8}") = "Students", "Students", "{AD7B071E-1652-4903-A87B-7AE00B4013A6}"
EndProject
Project("{FAE04EC0-301F-11D3-BF4B-00C04F79EFBC}") = "Application.Tests", "tests\Modules\Students\Application.Tests\Application.Tests.csproj", "{18ADD68C-E103-4161-BA02-A16BBE9CABC3}"
EndProject
Project("{FAE04EC0-301F-11D3-BF4B-00C04F79EFBC}") = "Infrastructure.Tests", "tests\Modules\Students\Infrastructure.Tests\Infrastructure.Tests.csproj", "{2F339316-8A9F-4A0D-9649-ACA83E795022}"
EndProject
Project("{2150E333-8FDC-42A3-9474-1A3956D46DE8}") = "Works", "Works", "{73D200EE-3792-440F-8B48-60A6894A8190}"
EndProject
Project("{FAE04EC0-301F-11D3-BF4B-00C04F79EFBC}") = "Application.Tests", "tests\Modules\Works\Application.Tests\Application.Tests.csproj", "{E9FF2C88-CDED-4407-96FB-00AB4D250813}"
EndProject
Project("{FAE04EC0-301F-11D3-BF4B-00C04F79EFBC}") = "Persistence.Tests", "tests\Modules\Works\Persistence.Tests\Persistence.Tests.csproj", "{49895321-877B-45A4-A7FF-220F04EEFAE8}"
EndProject
Project("{FAE04EC0-301F-11D3-BF4B-00C04F79EFBC}") = "TestsTools", "tests\TetsTools\TestsTools.csproj", "{48528C45-972E-4DC4-B3FB-5219E2E9B5C2}"
EndProject
Project("{2150E333-8FDC-42A3-9474-1A3956D46DE8}") = "Application", "Application", "{BF2B0F7E-7474-4D4C-A58B-D0B8A9E4FA4E}"
EndProject
Project("{2150E333-8FDC-42A3-9474-1A3956D46DE8}") = "Aggregator", "Aggregator", "{0ABC691D-8D35-4373-8719-C9D987661897}"
EndProject
Project("{FAE04EC0-301F-11D3-BF4B-00C04F79EFBC}") = "API.IntegrationTests", "tests\Application\Aggregator\API.IntegrationTests\API.IntegrationTests.csproj", "{B7ECB9A9-4AC5-4883-B7C7-12CAD694C210}"
EndProject
Project("{FAE04EC0-301F-11D3-BF4B-00C04F79EFBC}") = "API.EndToEndTests", "tests\Application\Aggregator\API.EndToEndTests\API.EndToEndTests.csproj", "{0F565874-82CA-4638-9D05-419DAEA54FEF}"
EndProject
Global
	GlobalSection(SolutionConfigurationPlatforms) = preSolution
		Debug|Any CPU = Debug|Any CPU
		Release|Any CPU = Release|Any CPU
	EndGlobalSection
	GlobalSection(ProjectConfigurationPlatforms) = postSolution
		{08D111AD-11FE-487C-AE06-3A2B6CF3459E}.Debug|Any CPU.ActiveCfg = Debug|Any CPU
		{08D111AD-11FE-487C-AE06-3A2B6CF3459E}.Debug|Any CPU.Build.0 = Debug|Any CPU
		{08D111AD-11FE-487C-AE06-3A2B6CF3459E}.Release|Any CPU.ActiveCfg = Release|Any CPU
		{08D111AD-11FE-487C-AE06-3A2B6CF3459E}.Release|Any CPU.Build.0 = Release|Any CPU
		{FD572549-0A21-4F03-8314-6BC4E440A02F}.Debug|Any CPU.ActiveCfg = Debug|Any CPU
		{FD572549-0A21-4F03-8314-6BC4E440A02F}.Debug|Any CPU.Build.0 = Debug|Any CPU
		{FD572549-0A21-4F03-8314-6BC4E440A02F}.Release|Any CPU.ActiveCfg = Release|Any CPU
		{FD572549-0A21-4F03-8314-6BC4E440A02F}.Release|Any CPU.Build.0 = Release|Any CPU
		{D42F5315-558B-4F01-A3F2-AEF6C4A365D9}.Debug|Any CPU.ActiveCfg = Debug|Any CPU
		{D42F5315-558B-4F01-A3F2-AEF6C4A365D9}.Debug|Any CPU.Build.0 = Debug|Any CPU
		{D42F5315-558B-4F01-A3F2-AEF6C4A365D9}.Release|Any CPU.ActiveCfg = Release|Any CPU
		{D42F5315-558B-4F01-A3F2-AEF6C4A365D9}.Release|Any CPU.Build.0 = Release|Any CPU
		{993E7C3D-3003-4AE4-B187-E5A983BD33F8}.Debug|Any CPU.ActiveCfg = Debug|Any CPU
		{993E7C3D-3003-4AE4-B187-E5A983BD33F8}.Debug|Any CPU.Build.0 = Debug|Any CPU
		{993E7C3D-3003-4AE4-B187-E5A983BD33F8}.Release|Any CPU.ActiveCfg = Release|Any CPU
		{993E7C3D-3003-4AE4-B187-E5A983BD33F8}.Release|Any CPU.Build.0 = Release|Any CPU
		{6D79B694-39D7-448E-A3B1-45945AE44DA6}.Debug|Any CPU.ActiveCfg = Debug|Any CPU
		{6D79B694-39D7-448E-A3B1-45945AE44DA6}.Debug|Any CPU.Build.0 = Debug|Any CPU
		{6D79B694-39D7-448E-A3B1-45945AE44DA6}.Release|Any CPU.ActiveCfg = Release|Any CPU
		{6D79B694-39D7-448E-A3B1-45945AE44DA6}.Release|Any CPU.Build.0 = Release|Any CPU
		{28C550FE-6B41-42F2-9A35-38297B4404DF}.Debug|Any CPU.ActiveCfg = Debug|Any CPU
		{28C550FE-6B41-42F2-9A35-38297B4404DF}.Debug|Any CPU.Build.0 = Debug|Any CPU
		{28C550FE-6B41-42F2-9A35-38297B4404DF}.Release|Any CPU.ActiveCfg = Release|Any CPU
		{28C550FE-6B41-42F2-9A35-38297B4404DF}.Release|Any CPU.Build.0 = Release|Any CPU
		{DF58361A-D285-451C-8B07-63851A87D206}.Debug|Any CPU.ActiveCfg = Debug|Any CPU
		{DF58361A-D285-451C-8B07-63851A87D206}.Debug|Any CPU.Build.0 = Debug|Any CPU
		{DF58361A-D285-451C-8B07-63851A87D206}.Release|Any CPU.ActiveCfg = Release|Any CPU
		{DF58361A-D285-451C-8B07-63851A87D206}.Release|Any CPU.Build.0 = Release|Any CPU
		{560801A4-C961-4251-9A53-F7A2E9933FC1}.Debug|Any CPU.ActiveCfg = Debug|Any CPU
		{560801A4-C961-4251-9A53-F7A2E9933FC1}.Debug|Any CPU.Build.0 = Debug|Any CPU
		{560801A4-C961-4251-9A53-F7A2E9933FC1}.Release|Any CPU.ActiveCfg = Release|Any CPU
		{560801A4-C961-4251-9A53-F7A2E9933FC1}.Release|Any CPU.Build.0 = Release|Any CPU
		{24ABDF28-64D5-4A88-9421-3FCE493C7804}.Debug|Any CPU.ActiveCfg = Debug|Any CPU
		{24ABDF28-64D5-4A88-9421-3FCE493C7804}.Debug|Any CPU.Build.0 = Debug|Any CPU
		{24ABDF28-64D5-4A88-9421-3FCE493C7804}.Release|Any CPU.ActiveCfg = Release|Any CPU
		{24ABDF28-64D5-4A88-9421-3FCE493C7804}.Release|Any CPU.Build.0 = Release|Any CPU
		{607EA605-B4E1-4AEB-A899-ED002ADA584F}.Debug|Any CPU.ActiveCfg = Debug|Any CPU
		{607EA605-B4E1-4AEB-A899-ED002ADA584F}.Debug|Any CPU.Build.0 = Debug|Any CPU
		{607EA605-B4E1-4AEB-A899-ED002ADA584F}.Release|Any CPU.ActiveCfg = Release|Any CPU
		{607EA605-B4E1-4AEB-A899-ED002ADA584F}.Release|Any CPU.Build.0 = Release|Any CPU
		{E44695D2-EF25-4698-911E-2469C65A48CB}.Debug|Any CPU.ActiveCfg = Debug|Any CPU
		{E44695D2-EF25-4698-911E-2469C65A48CB}.Debug|Any CPU.Build.0 = Debug|Any CPU
		{E44695D2-EF25-4698-911E-2469C65A48CB}.Release|Any CPU.ActiveCfg = Release|Any CPU
		{E44695D2-EF25-4698-911E-2469C65A48CB}.Release|Any CPU.Build.0 = Release|Any CPU
		{71724E70-33E9-4288-9BE7-961D59CC3872}.Debug|Any CPU.ActiveCfg = Debug|Any CPU
		{71724E70-33E9-4288-9BE7-961D59CC3872}.Debug|Any CPU.Build.0 = Debug|Any CPU
		{71724E70-33E9-4288-9BE7-961D59CC3872}.Release|Any CPU.ActiveCfg = Release|Any CPU
		{71724E70-33E9-4288-9BE7-961D59CC3872}.Release|Any CPU.Build.0 = Release|Any CPU
		{69F0E3D0-DD3E-4543-914F-74ADFC090677}.Debug|Any CPU.ActiveCfg = Debug|Any CPU
		{69F0E3D0-DD3E-4543-914F-74ADFC090677}.Debug|Any CPU.Build.0 = Debug|Any CPU
		{69F0E3D0-DD3E-4543-914F-74ADFC090677}.Release|Any CPU.ActiveCfg = Release|Any CPU
		{69F0E3D0-DD3E-4543-914F-74ADFC090677}.Release|Any CPU.Build.0 = Release|Any CPU
		{18ADD68C-E103-4161-BA02-A16BBE9CABC3}.Debug|Any CPU.ActiveCfg = Debug|Any CPU
		{18ADD68C-E103-4161-BA02-A16BBE9CABC3}.Debug|Any CPU.Build.0 = Debug|Any CPU
		{18ADD68C-E103-4161-BA02-A16BBE9CABC3}.Release|Any CPU.ActiveCfg = Release|Any CPU
		{18ADD68C-E103-4161-BA02-A16BBE9CABC3}.Release|Any CPU.Build.0 = Release|Any CPU
		{2F339316-8A9F-4A0D-9649-ACA83E795022}.Debug|Any CPU.ActiveCfg = Debug|Any CPU
		{2F339316-8A9F-4A0D-9649-ACA83E795022}.Debug|Any CPU.Build.0 = Debug|Any CPU
		{2F339316-8A9F-4A0D-9649-ACA83E795022}.Release|Any CPU.ActiveCfg = Release|Any CPU
		{2F339316-8A9F-4A0D-9649-ACA83E795022}.Release|Any CPU.Build.0 = Release|Any CPU
		{E9FF2C88-CDED-4407-96FB-00AB4D250813}.Debug|Any CPU.ActiveCfg = Debug|Any CPU
		{E9FF2C88-CDED-4407-96FB-00AB4D250813}.Debug|Any CPU.Build.0 = Debug|Any CPU
		{E9FF2C88-CDED-4407-96FB-00AB4D250813}.Release|Any CPU.ActiveCfg = Release|Any CPU
		{E9FF2C88-CDED-4407-96FB-00AB4D250813}.Release|Any CPU.Build.0 = Release|Any CPU
		{49895321-877B-45A4-A7FF-220F04EEFAE8}.Debug|Any CPU.ActiveCfg = Debug|Any CPU
		{49895321-877B-45A4-A7FF-220F04EEFAE8}.Debug|Any CPU.Build.0 = Debug|Any CPU
		{49895321-877B-45A4-A7FF-220F04EEFAE8}.Release|Any CPU.ActiveCfg = Release|Any CPU
		{49895321-877B-45A4-A7FF-220F04EEFAE8}.Release|Any CPU.Build.0 = Release|Any CPU
		{48528C45-972E-4DC4-B3FB-5219E2E9B5C2}.Debug|Any CPU.ActiveCfg = Debug|Any CPU
		{48528C45-972E-4DC4-B3FB-5219E2E9B5C2}.Debug|Any CPU.Build.0 = Debug|Any CPU
		{48528C45-972E-4DC4-B3FB-5219E2E9B5C2}.Release|Any CPU.ActiveCfg = Release|Any CPU
		{48528C45-972E-4DC4-B3FB-5219E2E9B5C2}.Release|Any CPU.Build.0 = Release|Any CPU
		{B7ECB9A9-4AC5-4883-B7C7-12CAD694C210}.Debug|Any CPU.ActiveCfg = Debug|Any CPU
		{B7ECB9A9-4AC5-4883-B7C7-12CAD694C210}.Debug|Any CPU.Build.0 = Debug|Any CPU
		{B7ECB9A9-4AC5-4883-B7C7-12CAD694C210}.Release|Any CPU.ActiveCfg = Release|Any CPU
		{B7ECB9A9-4AC5-4883-B7C7-12CAD694C210}.Release|Any CPU.Build.0 = Release|Any CPU
		{0F565874-82CA-4638-9D05-419DAEA54FEF}.Debug|Any CPU.ActiveCfg = Debug|Any CPU
		{0F565874-82CA-4638-9D05-419DAEA54FEF}.Debug|Any CPU.Build.0 = Debug|Any CPU
		{0F565874-82CA-4638-9D05-419DAEA54FEF}.Release|Any CPU.ActiveCfg = Release|Any CPU
		{0F565874-82CA-4638-9D05-419DAEA54FEF}.Release|Any CPU.Build.0 = Release|Any CPU
	EndGlobalSection
	GlobalSection(SolutionProperties) = preSolution
		HideSolutionNode = FALSE
	EndGlobalSection
	GlobalSection(NestedProjects) = preSolution
		{80057A53-5A59-4FE5-894E-76FDD592A02C} = {785CDF01-C3FD-4EBF-9CFC-DC2B6A25EA2F}
		{62765AFE-6E98-47AA-90E6-3C10624B1377} = {80057A53-5A59-4FE5-894E-76FDD592A02C}
		{08D111AD-11FE-487C-AE06-3A2B6CF3459E} = {62765AFE-6E98-47AA-90E6-3C10624B1377}
		{FD572549-0A21-4F03-8314-6BC4E440A02F} = {62765AFE-6E98-47AA-90E6-3C10624B1377}
		{D42F5315-558B-4F01-A3F2-AEF6C4A365D9} = {62765AFE-6E98-47AA-90E6-3C10624B1377}
		{993E7C3D-3003-4AE4-B187-E5A983BD33F8} = {62765AFE-6E98-47AA-90E6-3C10624B1377}
		{6D79B694-39D7-448E-A3B1-45945AE44DA6} = {62765AFE-6E98-47AA-90E6-3C10624B1377}
		{9BF08E57-4AB4-48AE-BEDA-1BC5C2727C3C} = {80057A53-5A59-4FE5-894E-76FDD592A02C}
		{28C550FE-6B41-42F2-9A35-38297B4404DF} = {9BF08E57-4AB4-48AE-BEDA-1BC5C2727C3C}
		{DF58361A-D285-451C-8B07-63851A87D206} = {9BF08E57-4AB4-48AE-BEDA-1BC5C2727C3C}
		{560801A4-C961-4251-9A53-F7A2E9933FC1} = {9BF08E57-4AB4-48AE-BEDA-1BC5C2727C3C}
		{24ABDF28-64D5-4A88-9421-3FCE493C7804} = {9BF08E57-4AB4-48AE-BEDA-1BC5C2727C3C}
		{607EA605-B4E1-4AEB-A899-ED002ADA584F} = {9BF08E57-4AB4-48AE-BEDA-1BC5C2727C3C}
		{5FBFF850-3EB6-4F91-8B79-DCFB1A3C4E2B} = {785CDF01-C3FD-4EBF-9CFC-DC2B6A25EA2F}
		{9F4B001C-5620-4B33-B0E0-9E64745434AB} = {5FBFF850-3EB6-4F91-8B79-DCFB1A3C4E2B}
		{E44695D2-EF25-4698-911E-2469C65A48CB} = {9F4B001C-5620-4B33-B0E0-9E64745434AB}
		{B73B8DE9-1497-46D0-A772-AD38C8791E04} = {785CDF01-C3FD-4EBF-9CFC-DC2B6A25EA2F}
		{69F0E3D0-DD3E-4543-914F-74ADFC090677} = {B73B8DE9-1497-46D0-A772-AD38C8791E04}
		{73CCED17-E2A7-47AE-AC6B-670E792F3490} = {37909761-D7CE-4F47-8943-A60B4AA5301F}
		{AD7B071E-1652-4903-A87B-7AE00B4013A6} = {73CCED17-E2A7-47AE-AC6B-670E792F3490}
		{18ADD68C-E103-4161-BA02-A16BBE9CABC3} = {AD7B071E-1652-4903-A87B-7AE00B4013A6}
		{2F339316-8A9F-4A0D-9649-ACA83E795022} = {AD7B071E-1652-4903-A87B-7AE00B4013A6}
		{73D200EE-3792-440F-8B48-60A6894A8190} = {73CCED17-E2A7-47AE-AC6B-670E792F3490}
		{E9FF2C88-CDED-4407-96FB-00AB4D250813} = {73D200EE-3792-440F-8B48-60A6894A8190}
		{49895321-877B-45A4-A7FF-220F04EEFAE8} = {73D200EE-3792-440F-8B48-60A6894A8190}
		{48528C45-972E-4DC4-B3FB-5219E2E9B5C2} = {37909761-D7CE-4F47-8943-A60B4AA5301F}
		{BF2B0F7E-7474-4D4C-A58B-D0B8A9E4FA4E} = {37909761-D7CE-4F47-8943-A60B4AA5301F}
		{0ABC691D-8D35-4373-8719-C9D987661897} = {BF2B0F7E-7474-4D4C-A58B-D0B8A9E4FA4E}
		{B7ECB9A9-4AC5-4883-B7C7-12CAD694C210} = {0ABC691D-8D35-4373-8719-C9D987661897}
		{0F565874-82CA-4638-9D05-419DAEA54FEF} = {0ABC691D-8D35-4373-8719-C9D987661897}
	EndGlobalSection
EndGlobal
